
Microsoft Visual Studio Solution File, Format Version 12.00
# Visual Studio Version 17
VisualStudioVersion = 17.6.33829.357
MinimumVisualStudioVersion = 10.0.40219.1
Project("{FAE04EC0-301F-11D3-BF4B-00C04F79EFBC}") = "CincoEsesML", "CincoEsesML\CincoEsesML.csproj", "{559CAE5D-43F0-420C-99E7-589965D07253}"
EndProject
Project("{FAE04EC0-301F-11D3-BF4B-00C04F79EFBC}") = "Pages", "Pages\Pages.csproj", "{46EBF1C0-208F-487E-84BB-87CDE537EDAF}"
EndProject
Global
	GlobalSection(SolutionConfigurationPlatforms) = preSolution
		Debug|Any CPU = Debug|Any CPU
		Release|Any CPU = Release|Any CPU
	EndGlobalSection
	GlobalSection(ProjectConfigurationPlatforms) = postSolution
		{559CAE5D-43F0-420C-99E7-589965D07253}.Debug|Any CPU.ActiveCfg = Debug|Any CPU
		{559CAE5D-43F0-420C-99E7-589965D07253}.Debug|Any CPU.Build.0 = Debug|Any CPU
		{559CAE5D-43F0-420C-99E7-589965D07253}.Release|Any CPU.ActiveCfg = Release|Any CPU
		{559CAE5D-43F0-420C-99E7-589965D07253}.Release|Any CPU.Build.0 = Release|Any CPU
		{46EBF1C0-208F-487E-84BB-87CDE537EDAF}.Debug|Any CPU.ActiveCfg = Debug|Any CPU
		{46EBF1C0-208F-487E-84BB-87CDE537EDAF}.Debug|Any CPU.Build.0 = Debug|Any CPU
		{46EBF1C0-208F-487E-84BB-87CDE537EDAF}.Release|Any CPU.ActiveCfg = Release|Any CPU
		{46EBF1C0-208F-487E-84BB-87CDE537EDAF}.Release|Any CPU.Build.0 = Release|Any CPU
	EndGlobalSection
	GlobalSection(SolutionProperties) = preSolution
		HideSolutionNode = FALSE
	EndGlobalSection
	GlobalSection(ExtensibilityGlobals) = postSolution
		SolutionGuid = {4FBB745A-4A93-4B15-8D2B-4617A97F8555}
	EndGlobalSection
EndGlobal
